
Microsoft Visual Studio Solution File, Format Version 12.00
# Visual Studio Version 17
VisualStudioVersion = 17.11.35327.3
MinimumVisualStudioVersion = 10.0.40219.1
Project("{9A19103F-16F7-4668-BE54-9A1E7A4F7556}") = "data_models", "data_models\data_models.csproj", "{EBA08A3E-DAE5-409B-BCB6-2C952D7CE4ED}"
EndProject
Project("{9A19103F-16F7-4668-BE54-9A1E7A4F7556}") = "contracts", "contracts\contracts.csproj", "{89245149-B754-4ADF-8417-0249835E96D9}"
EndProject
Project("{9A19103F-16F7-4668-BE54-9A1E7A4F7556}") = "data_base_implement", "data_base_implement\data_base_implement.csproj", "{2D3D20E7-DF53-485B-9AA6-913A586EB30A}"
EndProject
Project("{FAE04EC0-301F-11D3-BF4B-00C04F79EFBC}") = "interactors", "interactors\interactors.csproj", "{25115A41-E8B6-431D-AE6A-C76D335261F2}"
EndProject
Project("{FAE04EC0-301F-11D3-BF4B-00C04F79EFBC}") = "worker", "worker\worker.csproj", "{4B9F5195-107D-45DC-BDC0-38C9E7A59F88}"
EndProject
Project("{FAE04EC0-301F-11D3-BF4B-00C04F79EFBC}") = "logic_test_app", "logic_test_app\logic_test_app\logic_test_app.csproj", "{2640AC04-741C-42F1-BCD0-E6328EF3C531}"
EndProject
Project("{FAE04EC0-301F-11D3-BF4B-00C04F79EFBC}") = "presenter", "presenter\presenter.csproj", "{0EBD4FE6-CFB3-4EAF-8D66-058846975D51}"
EndProject
Global
	GlobalSection(SolutionConfigurationPlatforms) = preSolution
		Debug|Any CPU = Debug|Any CPU
		Release|Any CPU = Release|Any CPU
	EndGlobalSection
	GlobalSection(ProjectConfigurationPlatforms) = postSolution
		{EBA08A3E-DAE5-409B-BCB6-2C952D7CE4ED}.Debug|Any CPU.ActiveCfg = Debug|Any CPU
		{EBA08A3E-DAE5-409B-BCB6-2C952D7CE4ED}.Debug|Any CPU.Build.0 = Debug|Any CPU
		{EBA08A3E-DAE5-409B-BCB6-2C952D7CE4ED}.Release|Any CPU.ActiveCfg = Release|Any CPU
		{EBA08A3E-DAE5-409B-BCB6-2C952D7CE4ED}.Release|Any CPU.Build.0 = Release|Any CPU
		{89245149-B754-4ADF-8417-0249835E96D9}.Debug|Any CPU.ActiveCfg = Debug|Any CPU
		{89245149-B754-4ADF-8417-0249835E96D9}.Debug|Any CPU.Build.0 = Debug|Any CPU
		{89245149-B754-4ADF-8417-0249835E96D9}.Release|Any CPU.ActiveCfg = Release|Any CPU
		{89245149-B754-4ADF-8417-0249835E96D9}.Release|Any CPU.Build.0 = Release|Any CPU
		{2D3D20E7-DF53-485B-9AA6-913A586EB30A}.Debug|Any CPU.ActiveCfg = Debug|Any CPU
		{2D3D20E7-DF53-485B-9AA6-913A586EB30A}.Debug|Any CPU.Build.0 = Debug|Any CPU
		{2D3D20E7-DF53-485B-9AA6-913A586EB30A}.Release|Any CPU.ActiveCfg = Release|Any CPU
		{2D3D20E7-DF53-485B-9AA6-913A586EB30A}.Release|Any CPU.Build.0 = Release|Any CPU
		{25115A41-E8B6-431D-AE6A-C76D335261F2}.Debug|Any CPU.ActiveCfg = Debug|Any CPU
		{25115A41-E8B6-431D-AE6A-C76D335261F2}.Debug|Any CPU.Build.0 = Debug|Any CPU
		{25115A41-E8B6-431D-AE6A-C76D335261F2}.Release|Any CPU.ActiveCfg = Release|Any CPU
		{25115A41-E8B6-431D-AE6A-C76D335261F2}.Release|Any CPU.Build.0 = Release|Any CPU
		{4B9F5195-107D-45DC-BDC0-38C9E7A59F88}.Debug|Any CPU.ActiveCfg = Debug|Any CPU
		{4B9F5195-107D-45DC-BDC0-38C9E7A59F88}.Debug|Any CPU.Build.0 = Debug|Any CPU
		{4B9F5195-107D-45DC-BDC0-38C9E7A59F88}.Release|Any CPU.ActiveCfg = Release|Any CPU
		{4B9F5195-107D-45DC-BDC0-38C9E7A59F88}.Release|Any CPU.Build.0 = Release|Any CPU
		{2640AC04-741C-42F1-BCD0-E6328EF3C531}.Debug|Any CPU.ActiveCfg = Debug|Any CPU
		{2640AC04-741C-42F1-BCD0-E6328EF3C531}.Debug|Any CPU.Build.0 = Debug|Any CPU
		{2640AC04-741C-42F1-BCD0-E6328EF3C531}.Release|Any CPU.ActiveCfg = Release|Any CPU
		{2640AC04-741C-42F1-BCD0-E6328EF3C531}.Release|Any CPU.Build.0 = Release|Any CPU
		{0EBD4FE6-CFB3-4EAF-8D66-058846975D51}.Debug|Any CPU.ActiveCfg = Debug|Any CPU
		{0EBD4FE6-CFB3-4EAF-8D66-058846975D51}.Debug|Any CPU.Build.0 = Debug|Any CPU
		{0EBD4FE6-CFB3-4EAF-8D66-058846975D51}.Release|Any CPU.ActiveCfg = Release|Any CPU
		{0EBD4FE6-CFB3-4EAF-8D66-058846975D51}.Release|Any CPU.Build.0 = Release|Any CPU
	EndGlobalSection
	GlobalSection(SolutionProperties) = preSolution
		HideSolutionNode = FALSE
	EndGlobalSection
	GlobalSection(ExtensibilityGlobals) = postSolution
		SolutionGuid = {874E0D6A-B9E3-4DE7-B319-C65B9D591B61}
	EndGlobalSection
EndGlobal
